
Microsoft Visual Studio Solution File, Format Version 12.00
# Visual Studio Version 17
VisualStudioVersion = 17.0.31903.59
MinimumVisualStudioVersion = 10.0.40219.1
Project("{FAE04EC0-301F-11D3-BF4B-00C04F79EFBC}") = "AngularAuthAPI", "AngularAuthAPI\AngularAuthAPI.csproj", "{5A5B904C-91EC-4D70-9645-5120DE9016B5}"
EndProject
Global
	GlobalSection(SolutionConfigurationPlatforms) = preSolution
		Debug|Any CPU = Debug|Any CPU
		Release|Any CPU = Release|Any CPU
	EndGlobalSection
	GlobalSection(ProjectConfigurationPlatforms) = postSolution
		{5A5B904C-91EC-4D70-9645-5120DE9016B5}.Debug|Any CPU.ActiveCfg = Debug|Any CPU
		{5A5B904C-91EC-4D70-9645-5120DE9016B5}.Debug|Any CPU.Build.0 = Debug|Any CPU
		{5A5B904C-91EC-4D70-9645-5120DE9016B5}.Release|Any CPU.ActiveCfg = Release|Any CPU
		{5A5B904C-91EC-4D70-9645-5120DE9016B5}.Release|Any CPU.Build.0 = Release|Any CPU
	EndGlobalSection
	GlobalSection(SolutionProperties) = preSolution
		HideSolutionNode = FALSE
	EndGlobalSection
	GlobalSection(ExtensibilityGlobals) = postSolution
		SolutionGuid = {8B20C9C1-8A05-44B9-9353-135360468F34}
	EndGlobalSection
EndGlobal
